
Microsoft Visual Studio Solution File, Format Version 12.00
# Visual Studio Version 17
VisualStudioVersion = 17.0.31903.59
MinimumVisualStudioVersion = 10.0.40219.1
Project("{FAE04EC0-301F-11D3-BF4B-00C04F79EFBC}") = "RatesConverterAPI", "RatesConverterAPI\RatesConverterAPI.csproj", "{31AA44D7-5472-4055-8D10-E266986952E7}"
EndProject
Project("{FAE04EC0-301F-11D3-BF4B-00C04F79EFBC}") = "RatesConverterAPI.Business", "RatesConverterAPI.Business\RatesConverterAPI.Business.csproj", "{0EE4D861-6788-4DCF-B5CF-2AC5F02298F2}"
EndProject
Project("{FAE04EC0-301F-11D3-BF4B-00C04F79EFBC}") = "RatesConverterAPI.Domain", "RatesConverterAPI.Domain\RatesConverterAPI.Domain.csproj", "{BD808E03-E3B9-4BA6-B318-5E6D1A792CA4}"
EndProject
Global
	GlobalSection(SolutionConfigurationPlatforms) = preSolution
		Debug|Any CPU = Debug|Any CPU
		Release|Any CPU = Release|Any CPU
	EndGlobalSection
	GlobalSection(SolutionProperties) = preSolution
		HideSolutionNode = FALSE
	EndGlobalSection
	GlobalSection(ProjectConfigurationPlatforms) = postSolution
		{31AA44D7-5472-4055-8D10-E266986952E7}.Debug|Any CPU.ActiveCfg = Debug|Any CPU
		{31AA44D7-5472-4055-8D10-E266986952E7}.Debug|Any CPU.Build.0 = Debug|Any CPU
		{31AA44D7-5472-4055-8D10-E266986952E7}.Release|Any CPU.ActiveCfg = Release|Any CPU
		{31AA44D7-5472-4055-8D10-E266986952E7}.Release|Any CPU.Build.0 = Release|Any CPU
		{0EE4D861-6788-4DCF-B5CF-2AC5F02298F2}.Debug|Any CPU.ActiveCfg = Debug|Any CPU
		{0EE4D861-6788-4DCF-B5CF-2AC5F02298F2}.Debug|Any CPU.Build.0 = Debug|Any CPU
		{0EE4D861-6788-4DCF-B5CF-2AC5F02298F2}.Release|Any CPU.ActiveCfg = Release|Any CPU
		{0EE4D861-6788-4DCF-B5CF-2AC5F02298F2}.Release|Any CPU.Build.0 = Release|Any CPU
		{BD808E03-E3B9-4BA6-B318-5E6D1A792CA4}.Debug|Any CPU.ActiveCfg = Debug|Any CPU
		{BD808E03-E3B9-4BA6-B318-5E6D1A792CA4}.Debug|Any CPU.Build.0 = Debug|Any CPU
		{BD808E03-E3B9-4BA6-B318-5E6D1A792CA4}.Release|Any CPU.ActiveCfg = Release|Any CPU
		{BD808E03-E3B9-4BA6-B318-5E6D1A792CA4}.Release|Any CPU.Build.0 = Release|Any CPU
	EndGlobalSection
EndGlobal
